
Microsoft Visual Studio Solution File, Format Version 12.00
# Visual Studio Version 17
VisualStudioVersion = 17.13.35825.156
MinimumVisualStudioVersion = 10.0.40219.1
Project("{FAE04EC0-301F-11D3-BF4B-00C04F79EFBC}") = "HangFireWorkShop.Api", "HangFireWorkShop.Api\HangFireWorkShop.Api.csproj", "{FE7D92E0-1F59-495A-9323-086AB76BD172}"
EndProject
Project("{FAE04EC0-301F-11D3-BF4B-00C04F79EFBC}") = "HangFireWorkShop.Data", "HangFireWorkShop.Data\HangFireWorkShop.Data.csproj", "{F3B6FC72-0934-4B83-8EE9-BCE8781F7194}"
EndProject
Project("{FAE04EC0-301F-11D3-BF4B-00C04F79EFBC}") = "HangFireWorkShop.Models", "HangFireWorkShop.Models\HangFireWorkShop.Models.csproj", "{678E2970-F0B0-42A3-A89E-61D4036EC730}"
EndProject
Global
	GlobalSection(SolutionConfigurationPlatforms) = preSolution
		Debug|Any CPU = Debug|Any CPU
		Release|Any CPU = Release|Any CPU
	EndGlobalSection
	GlobalSection(ProjectConfigurationPlatforms) = postSolution
		{FE7D92E0-1F59-495A-9323-086AB76BD172}.Debug|Any CPU.ActiveCfg = Debug|Any CPU
		{FE7D92E0-1F59-495A-9323-086AB76BD172}.Debug|Any CPU.Build.0 = Debug|Any CPU
		{FE7D92E0-1F59-495A-9323-086AB76BD172}.Release|Any CPU.ActiveCfg = Release|Any CPU
		{FE7D92E0-1F59-495A-9323-086AB76BD172}.Release|Any CPU.Build.0 = Release|Any CPU
		{F3B6FC72-0934-4B83-8EE9-BCE8781F7194}.Debug|Any CPU.ActiveCfg = Debug|Any CPU
		{F3B6FC72-0934-4B83-8EE9-BCE8781F7194}.Debug|Any CPU.Build.0 = Debug|Any CPU
		{F3B6FC72-0934-4B83-8EE9-BCE8781F7194}.Release|Any CPU.ActiveCfg = Release|Any CPU
		{F3B6FC72-0934-4B83-8EE9-BCE8781F7194}.Release|Any CPU.Build.0 = Release|Any CPU
		{678E2970-F0B0-42A3-A89E-61D4036EC730}.Debug|Any CPU.ActiveCfg = Debug|Any CPU
		{678E2970-F0B0-42A3-A89E-61D4036EC730}.Debug|Any CPU.Build.0 = Debug|Any CPU
		{678E2970-F0B0-42A3-A89E-61D4036EC730}.Release|Any CPU.ActiveCfg = Release|Any CPU
		{678E2970-F0B0-42A3-A89E-61D4036EC730}.Release|Any CPU.Build.0 = Release|Any CPU
	EndGlobalSection
	GlobalSection(SolutionProperties) = preSolution
		HideSolutionNode = FALSE
	EndGlobalSection
	GlobalSection(ExtensibilityGlobals) = postSolution
		SolutionGuid = {FDCB5A29-32C0-4673-8308-57E213D744BE}
	EndGlobalSection
EndGlobal
